Microsoft Visual Studio Solution File, Format Version 12.00
# Visual Studio Version 17
VisualStudioVersion = 17.0.31903.59
MinimumVisualStudioVersion = 10.0.40219.1
Project("{FAE04EC0-301F-11D3-BF4B-00C04F79EFBC}") = "GabiCraft.Server.API", "GabiCraft.Server.API\GabiCraft.Server.API.csproj", "{8B8F8D10-E2CF-4C88-A783-D2E12B189B36}"
EndProject
Project("{FAE04EC0-301F-11D3-BF4B-00C04F79EFBC}") = "GabiCraft.Server.Data", "GabiCraft.Server.Data\GabiCraft.Server.Data.csproj", "{A9A17D3F-E3BB-4B34-912E-D2F3F51BD92D}"
EndProject
Project("{FAE04EC0-301F-11D3-BF4B-00C04F79EFBC}") = "GabiCraft.Server.Domain", "GabiCraft.Server.Domain\GabiCraft.Server.Domain.csproj", "{C6B4D34B-63F2-4815-9528-0DB62A0EBE56}"
EndProject
Global
  GlobalSection(SolutionConfigurationPlatforms) = preSolution
    Debug|Any CPU = Debug|Any CPU
    Release|Any CPU = Release|Any CPU
  EndGlobalSection
  GlobalSection(ProjectConfigurationPlatforms) = postSolution
    {8B8F8D10-E2CF-4C88-A783-D2E12B189B36}.Debug|Any CPU.ActiveCfg = Debug|Any CPU
    {8B8F8D10-E2CF-4C88-A783-D2E12B189B36}.Debug|Any CPU.Build.0 = Debug|Any CPU
    {8B8F8D10-E2CF-4C88-A783-D2E12B189B36}.Release|Any CPU.ActiveCfg = Release|Any CPU
    {8B8F8D10-E2CF-4C88-A783-D2E12B189B36}.Release|Any CPU.Build.0 = Release|Any CPU
    {A9A17D3F-E3BB-4B34-912E-D2F3F51BD92D}.Debug|Any CPU.ActiveCfg = Debug|Any CPU
    {A9A17D3F-E3BB-4B34-912E-D2F3F51BD92D}.Debug|Any CPU.Build.0 = Debug|Any CPU
    {A9A17D3F-E3BB-4B34-912E-D2F3F51BD92D}.Release|Any CPU.ActiveCfg = Release|Any CPU
    {A9A17D3F-E3BB-4B34-912E-D2F3F51BD92D}.Release|Any CPU.Build.0 = Release|Any CPU
    {C6B4D34B-63F2-4815-9528-0DB62A0EBE56}.Debug|Any CPU.ActiveCfg = Debug|Any CPU
    {C6B4D34B-63F2-4815-9528-0DB62A0EBE56}.Debug|Any CPU.Build.0 = Debug|Any CPU
    {C6B4D34B-63F2-4815-9528-0DB62A0EBE56}.Release|Any CPU.ActiveCfg = Release|Any CPU
    {C6B4D34B-63F2-4815-9528-0DB62A0EBE56}.Release|Any CPU.Build.0 = Release|Any CPU
  EndGlobalSection
EndGlobal
